
Microsoft Visual Studio Solution File, Format Version 12.00
# Visual Studio Version 16
VisualStudioVersion = 16.0.29326.143
MinimumVisualStudioVersion = 10.0.40219.1
Project("{FAE04EC0-301F-11D3-BF4B-00C04F79EFBC}") = "bonus_assignment_n01354605", "bonus_assignment_n01354605\bonus_assignment_n01354605.csproj", "{AB3C277E-A375-489B-AE70-5BBF45E56A72}"
EndProject
Global
	GlobalSection(SolutionConfigurationPlatforms) = preSolution
		Debug|Any CPU = Debug|Any CPU
		Release|Any CPU = Release|Any CPU
	EndGlobalSection
	GlobalSection(ProjectConfigurationPlatforms) = postSolution
		{AB3C277E-A375-489B-AE70-5BBF45E56A72}.Debug|Any CPU.ActiveCfg = Debug|Any CPU
		{AB3C277E-A375-489B-AE70-5BBF45E56A72}.Debug|Any CPU.Build.0 = Debug|Any CPU
		{AB3C277E-A375-489B-AE70-5BBF45E56A72}.Release|Any CPU.ActiveCfg = Release|Any CPU
		{AB3C277E-A375-489B-AE70-5BBF45E56A72}.Release|Any CPU.Build.0 = Release|Any CPU
	EndGlobalSection
	GlobalSection(SolutionProperties) = preSolution
		HideSolutionNode = FALSE
	EndGlobalSection
	GlobalSection(ExtensibilityGlobals) = postSolution
		SolutionGuid = {DE13EF54-24E9-4E43-B716-FCA2A31944A3}
	EndGlobalSection
EndGlobal
